
Microsoft Visual Studio Solution File, Format Version 12.00
# Visual Studio Version 16
VisualStudioVersion = 16.0.29318.209
MinimumVisualStudioVersion = 10.0.40219.1
Project("{FAE04EC0-301F-11D3-BF4B-00C04F79EFBC}") = "EasyPOS", "EasyPOS\EasyPOS.csproj", "{91E43316-CEA9-4B22-99D1-2A2EBA3FE1C4}"
EndProject
Project("{FAE04EC0-301F-11D3-BF4B-00C04F79EFBC}") = "Data", "Data\Data.csproj", "{CC1E19C0-5B6A-4180-AC46-6E43565B1FCE}"
EndProject
Project("{FAE04EC0-301F-11D3-BF4B-00C04F79EFBC}") = "Business", "Business\Business.csproj", "{7EC9431C-07E6-4145-85B4-70D3D5AC0FDB}"
EndProject
Project("{FAE04EC0-301F-11D3-BF4B-00C04F79EFBC}") = "App", "App\App.csproj", "{34711CBB-1538-4572-BE5E-F2AD58C10390}"
EndProject
Project("{FAE04EC0-301F-11D3-BF4B-00C04F79EFBC}") = "Presentation", "Presentation\Presentation.csproj", "{538925E4-4AA4-4757-9973-3195104E9D67}"
EndProject
Global
	GlobalSection(SolutionConfigurationPlatforms) = preSolution
		Debug|Any CPU = Debug|Any CPU
		Release|Any CPU = Release|Any CPU
	EndGlobalSection
	GlobalSection(ProjectConfigurationPlatforms) = postSolution
		{91E43316-CEA9-4B22-99D1-2A2EBA3FE1C4}.Debug|Any CPU.ActiveCfg = Debug|Any CPU
		{91E43316-CEA9-4B22-99D1-2A2EBA3FE1C4}.Debug|Any CPU.Build.0 = Debug|Any CPU
		{91E43316-CEA9-4B22-99D1-2A2EBA3FE1C4}.Release|Any CPU.ActiveCfg = Release|Any CPU
		{91E43316-CEA9-4B22-99D1-2A2EBA3FE1C4}.Release|Any CPU.Build.0 = Release|Any CPU
		{CC1E19C0-5B6A-4180-AC46-6E43565B1FCE}.Debug|Any CPU.ActiveCfg = Debug|Any CPU
		{CC1E19C0-5B6A-4180-AC46-6E43565B1FCE}.Debug|Any CPU.Build.0 = Debug|Any CPU
		{CC1E19C0-5B6A-4180-AC46-6E43565B1FCE}.Release|Any CPU.ActiveCfg = Release|Any CPU
		{CC1E19C0-5B6A-4180-AC46-6E43565B1FCE}.Release|Any CPU.Build.0 = Release|Any CPU
		{7EC9431C-07E6-4145-85B4-70D3D5AC0FDB}.Debug|Any CPU.ActiveCfg = Debug|Any CPU
		{7EC9431C-07E6-4145-85B4-70D3D5AC0FDB}.Debug|Any CPU.Build.0 = Debug|Any CPU
		{7EC9431C-07E6-4145-85B4-70D3D5AC0FDB}.Release|Any CPU.ActiveCfg = Release|Any CPU
		{7EC9431C-07E6-4145-85B4-70D3D5AC0FDB}.Release|Any CPU.Build.0 = Release|Any CPU
		{34711CBB-1538-4572-BE5E-F2AD58C10390}.Debug|Any CPU.ActiveCfg = Debug|Any CPU
		{34711CBB-1538-4572-BE5E-F2AD58C10390}.Debug|Any CPU.Build.0 = Debug|Any CPU
		{34711CBB-1538-4572-BE5E-F2AD58C10390}.Release|Any CPU.ActiveCfg = Release|Any CPU
		{34711CBB-1538-4572-BE5E-F2AD58C10390}.Release|Any CPU.Build.0 = Release|Any CPU
		{538925E4-4AA4-4757-9973-3195104E9D67}.Debug|Any CPU.ActiveCfg = Debug|Any CPU
		{538925E4-4AA4-4757-9973-3195104E9D67}.Debug|Any CPU.Build.0 = Debug|Any CPU
		{538925E4-4AA4-4757-9973-3195104E9D67}.Release|Any CPU.ActiveCfg = Release|Any CPU
		{538925E4-4AA4-4757-9973-3195104E9D67}.Release|Any CPU.Build.0 = Release|Any CPU
	EndGlobalSection
	GlobalSection(SolutionProperties) = preSolution
		HideSolutionNode = FALSE
	EndGlobalSection
	GlobalSection(ExtensibilityGlobals) = postSolution
		SolutionGuid = {1C3DD7B3-CB2D-4202-8A02-BE98F84CF749}
	EndGlobalSection
EndGlobal
